
Microsoft Visual Studio Solution File, Format Version 12.00
# Visual Studio Version 17
VisualStudioVersion = 17.8.34330.188
MinimumVisualStudioVersion = 10.0.40219.1
Project("{FAE04EC0-301F-11D3-BF4B-00C04F79EFBC}") = "EmlakOffice_API", "EmlakOffice_API\EmlakOffice_API.csproj", "{3774EFC1-1C3B-44E6-9136-ACCB466AD4BC}"
EndProject
Project("{FAE04EC0-301F-11D3-BF4B-00C04F79EFBC}") = "EmlakOffice_UI", "EmlakOffice_UI\EmlakOffice_UI.csproj", "{AE5E2AA5-5D68-4222-A5E7-55966EA02539}"
EndProject
Global
	GlobalSection(SolutionConfigurationPlatforms) = preSolution
		Debug|Any CPU = Debug|Any CPU
		Release|Any CPU = Release|Any CPU
	EndGlobalSection
	GlobalSection(ProjectConfigurationPlatforms) = postSolution
		{3774EFC1-1C3B-44E6-9136-ACCB466AD4BC}.Debug|Any CPU.ActiveCfg = Debug|Any CPU
		{3774EFC1-1C3B-44E6-9136-ACCB466AD4BC}.Debug|Any CPU.Build.0 = Debug|Any CPU
		{3774EFC1-1C3B-44E6-9136-ACCB466AD4BC}.Release|Any CPU.ActiveCfg = Release|Any CPU
		{3774EFC1-1C3B-44E6-9136-ACCB466AD4BC}.Release|Any CPU.Build.0 = Release|Any CPU
		{AE5E2AA5-5D68-4222-A5E7-55966EA02539}.Debug|Any CPU.ActiveCfg = Debug|Any CPU
		{AE5E2AA5-5D68-4222-A5E7-55966EA02539}.Debug|Any CPU.Build.0 = Debug|Any CPU
		{AE5E2AA5-5D68-4222-A5E7-55966EA02539}.Release|Any CPU.ActiveCfg = Release|Any CPU
		{AE5E2AA5-5D68-4222-A5E7-55966EA02539}.Release|Any CPU.Build.0 = Release|Any CPU
	EndGlobalSection
	GlobalSection(SolutionProperties) = preSolution
		HideSolutionNode = FALSE
	EndGlobalSection
	GlobalSection(ExtensibilityGlobals) = postSolution
		SolutionGuid = {EB4A10C1-3DFE-4987-9A0C-0A8EE6CD6084}
	EndGlobalSection
EndGlobal
